
Microsoft Visual Studio Solution File, Format Version 12.00
# Visual Studio Version 17
VisualStudioVersion = 17.9.34714.143
MinimumVisualStudioVersion = 10.0.40219.1
Project("{FAE04EC0-301F-11D3-BF4B-00C04F79EFBC}") = "ArduinoClient", "ArduinoClient\ArduinoClient.csproj", "{6C72EAAF-6B5D-41ED-8F7B-8ADC1A2E1456}"
EndProject
Global
	GlobalSection(SolutionConfigurationPlatforms) = preSolution
		Debug|Any CPU = Debug|Any CPU
		Release|Any CPU = Release|Any CPU
	EndGlobalSection
	GlobalSection(ProjectConfigurationPlatforms) = postSolution
		{6C72EAAF-6B5D-41ED-8F7B-8ADC1A2E1456}.Debug|Any CPU.ActiveCfg = Debug|Any CPU
		{6C72EAAF-6B5D-41ED-8F7B-8ADC1A2E1456}.Debug|Any CPU.Build.0 = Debug|Any CPU
		{6C72EAAF-6B5D-41ED-8F7B-8ADC1A2E1456}.Release|Any CPU.ActiveCfg = Release|Any CPU
		{6C72EAAF-6B5D-41ED-8F7B-8ADC1A2E1456}.Release|Any CPU.Build.0 = Release|Any CPU
	EndGlobalSection
	GlobalSection(SolutionProperties) = preSolution
		HideSolutionNode = FALSE
	EndGlobalSection
	GlobalSection(ExtensibilityGlobals) = postSolution
		SolutionGuid = {CCD71028-0549-4FDD-A240-EAC8EA6820F5}
	EndGlobalSection
EndGlobal
